version = 1

[[bindings]]
doc = "docs/vault/Concepts/Accessibility.md"
target = "web/index.html"
sig = "e9ea1263dc50d9a6"

[[bindings]]
doc = "docs/vault/Concepts/Accessibility.md"
target = "web/src/hand.ts"
sig = "b2288880e1c8a2c5"

[[bindings]]
doc = "docs/vault/Concepts/Accessibility.md"
target = "web/src/kata-play.ts"
sig = "88647cee3d919896"

[[bindings]]
doc = "docs/vault/Concepts/Accessibility.md"
target = "web/src/main.ts"
sig = "c9f9ea756f16170a"

[[bindings]]
doc = "docs/vault/Concepts/Accessibility.md"
target = "web/src/share.ts"
sig = "b581ee11e56b2792"

[[bindings]]
doc = "docs/vault/Concepts/Accessibility.md"
target = "web/src/style.css"
sig = "354d1ba5a78c09d6"

[[bindings]]
doc = "docs/vault/Concepts/Art Direction.md"
target = "web/mockups/cool.html"
sig = "fb94c4a715e5a8ba"

[[bindings]]
doc = "docs/vault/Concepts/Art Direction.md"
target = "web/mockups/warm.html"
sig = "4c1705597d01c1b9"

[[bindings]]
doc = "docs/vault/Concepts/Art Direction.md"
target = "web/scripts/check_contrast.mjs"
sig = "9e0ee08583948840"

[[bindings]]
doc = "docs/vault/Concepts/Art Direction.md"
target = "web/scripts/gen_tokens.mjs"
sig = "92fae0d493f0d595"

[[bindings]]
doc = "docs/vault/Concepts/Art Direction.md"
target = "web/src/tokens.css"
sig = "fa55cbd39152a16e"

[[bindings]]
doc = "docs/vault/Concepts/Art Direction.md"
target = "web/src/tokens.ts"
sig = "53c405d4b17cdc2d"

[[bindings]]
doc = "docs/vault/Concepts/Art Direction.md"
target = "web/tokens/palette.json"
sig = "95a649247c5afcc5"

[[bindings]]
doc = "docs/vault/Concepts/Campus.md"
target = "src/scheduler_dojo/sim/cluster.py#Cluster"
sig = "5deaf7fb798b9874"

[[bindings]]
doc = "docs/vault/Concepts/Campus.md"
target = "src/scheduler_dojo/sim/jobs.py#Job"
sig = "64aa2e55be19d06c"

[[bindings]]
doc = "docs/vault/Concepts/Campus.md"
target = "src/scheduler_dojo/sim/jobs.py#JobResult"
sig = "9708b56589b17bff"

[[bindings]]
doc = "docs/vault/Concepts/Campus.md"
target = "src/scheduler_dojo/sim/scheduler.py#PolicyContext"
sig = "ea6def626bef7acf"

[[bindings]]
doc = "docs/vault/Concepts/Campus.md"
target = "src/scheduler_dojo/sim/scheduler.py#Scheduler"
sig = "cb732ba0d5926025"

[[bindings]]
doc = "docs/vault/Concepts/Determinism.md"
target = "src/scheduler_dojo/sim/scoring.py#bounded_slowdown"
sig = "6201f9a99a624410"

[[bindings]]
doc = "docs/vault/Concepts/Determinism.md"
target = "src/scheduler_dojo/sim/scoring.py#utilization"
sig = "40515ebe2ebf52df"

[[bindings]]
doc = "docs/vault/Concepts/Kata.md"
target = "src/scheduler_dojo/kata/builtins.py#Env"
sig = "e7cd7588c7bed72c"

[[bindings]]
doc = "docs/vault/Concepts/Kata.md"
target = "src/scheduler_dojo/kata/spec.md"
sig = "c712bce7dda353ec"

[[bindings]]
doc = "docs/vault/Concepts/Kata.md"
target = "src/scheduler_dojo/sim/cluster.py#Cluster"
sig = "5deaf7fb798b9874"

[[bindings]]
doc = "docs/vault/Concepts/Kata.md"
target = "src/scheduler_dojo/sim/cluster.py#Partition"
sig = "b8021f035ad189aa"

[[bindings]]
doc = "docs/vault/Concepts/Kata.md"
target = "src/scheduler_dojo/sim/scheduler.py#PolicyContext"
sig = "ea6def626bef7acf"

[[bindings]]
doc = "docs/vault/Concepts/Kata.md"
target = "src/scheduler_dojo/sim/scheduler.py#Scheduler"
sig = "cb732ba0d5926025"

[[bindings]]
doc = "docs/vault/Concepts/Levels.md"
target = "src/scheduler_dojo/sim/cluster.py#Cluster"
sig = "5deaf7fb798b9874"

[[bindings]]
doc = "docs/vault/Concepts/Levels.md"
target = "src/scheduler_dojo/sim/cluster.py#Partition"
sig = "b8021f035ad189aa"

[[bindings]]
doc = "docs/vault/Concepts/Levels.md"
target = "src/scheduler_dojo/sim/jobs.py#Job"
sig = "64aa2e55be19d06c"

[[bindings]]
doc = "docs/vault/Concepts/Levels.md"
target = "src/scheduler_dojo/sim/jobs.py#JobResult"
sig = "9708b56589b17bff"

[[bindings]]
doc = "docs/vault/Concepts/Levels.md"
target = "src/scheduler_dojo/sim/level.py#validate_level"
sig = "8bde596e09df8942"

[[bindings]]
doc = "docs/vault/Concepts/Levels.md"
target = "src/scheduler_dojo/sim/scheduler.py#PolicyContext"
sig = "ea6def626bef7acf"

[[bindings]]
doc = "docs/vault/Concepts/Levels.md"
target = "src/scheduler_dojo/sim/scheduler.py#Scheduler"
sig = "cb732ba0d5926025"

[[bindings]]
doc = "docs/vault/Concepts/Levels.md"
target = "src/scheduler_dojo/sim/scoring.py#fairness"
sig = "e8534d29c115e0c7"

[[bindings]]
doc = "docs/vault/Concepts/Levels.md"
target = "tests/goldens/levels.json"
sig = "eed83d90ab35c971"

[[bindings]]
doc = "docs/vault/Concepts/Progression.md"
target = "src/scheduler_dojo/progression.py#belt"
sig = "5fe29fb4e3deccdc"

[[bindings]]
doc = "docs/vault/Concepts/Progression.md"
target = "src/scheduler_dojo/progression.py#unlocked_tiers"
sig = "23677cc7591cff26"

[[bindings]]
doc = "docs/vault/Concepts/Progression.md"
target = "src/scheduler_dojo/sim/scoring.py#fairness"
sig = "e8534d29c115e0c7"

[[bindings]]
doc = "docs/vault/Concepts/Pyodide Bridge.md"
target = "scripts/build_wheel.sh"
sig = "d50429d7f2095511"

[[bindings]]
doc = "docs/vault/Concepts/Pyodide Bridge.md"
target = "src/scheduler_dojo/bridge.py#dispatch"
sig = "06861949a637fb12"

[[bindings]]
doc = "docs/vault/Concepts/Pyodide Bridge.md"
target = "src/scheduler_dojo/bridge.py#run"
sig = "8340c65483615c2a"

[[bindings]]
doc = "docs/vault/Concepts/Pyodide Bridge.md"
target = "src/scheduler_dojo/bridge.py#step_result"
sig = "90a88352ad7151cd"

[[bindings]]
doc = "docs/vault/Concepts/Pyodide Bridge.md"
target = "src/scheduler_dojo/sim/scheduler.py#Scheduler"
sig = "cb732ba0d5926025"

[[bindings]]
doc = "docs/vault/Concepts/Pyodide Bridge.md"
target = "web/src/version.ts"
sig = "eed6e2cb4857168b"

[[bindings]]
doc = "docs/vault/Concepts/Scoring.md"
target = "src/scheduler_dojo/sim/jobs.py#Job"
sig = "64aa2e55be19d06c"

[[bindings]]
doc = "docs/vault/Concepts/Scoring.md"
target = "src/scheduler_dojo/sim/jobs.py#JobResult"
sig = "9708b56589b17bff"

[[bindings]]
doc = "docs/vault/Concepts/Scoring.md"
target = "src/scheduler_dojo/sim/scheduler.py#RunResult"
sig = "71234d3e76362c30"

[[bindings]]
doc = "docs/vault/Concepts/Scoring.md"
target = "src/scheduler_dojo/sim/scoring.py#wait_p95"
sig = "9297e6349298cf25"

[[bindings]]
doc = "docs/vault/Concepts/Scoring.md"
target = "src/scheduler_dojo/sim/trajectory.py#trajectory_str"
sig = "9a749a2d3866892a"

[[bindings]]
doc = "docs/vault/Concepts/Tutorial.md"
target = "levels/tutorials/city1.json"
sig = "0a438c518ae24cdb"

[[bindings]]
doc = "docs/vault/Concepts/Tutorial.md"
target = "levels/tutorials/city2.json"
sig = "59cfd84020e1f8e4"

[[bindings]]
doc = "docs/vault/Concepts/Tutorial.md"
target = "levels/tutorials/city3.json"
sig = "fa2470ab6d758153"

[[bindings]]
doc = "docs/vault/Concepts/Tutorial.md"
target = "src/scheduler_dojo/sim/scheduler.py#PolicyContext"
sig = "ea6def626bef7acf"

[[bindings]]
doc = "docs/vault/Concepts/Tutorial.md"
target = "src/scheduler_dojo/sim/scheduler.py#Scheduler"
sig = "cb732ba0d5926025"

[[bindings]]
doc = "docs/vault/Decision Log.md"
target = ".github/workflows/ci.yml"
sig = "b007f0b9b1751aba"

[[bindings]]
doc = "docs/vault/Decision Log.md"
target = "scripts/build_wheel.sh"
sig = "d50429d7f2095511"

[[bindings]]
doc = "docs/vault/Decision Log.md"
target = "src/scheduler_dojo/bridge.py#dispatch"
sig = "06861949a637fb12"

[[bindings]]
doc = "docs/vault/Decision Log.md"
target = "src/scheduler_dojo/bridge.py#run"
sig = "8340c65483615c2a"

[[bindings]]
doc = "docs/vault/Decision Log.md"
target = "src/scheduler_dojo/kata/__init__.py#__getattr__"
sig = "fe448ec4f4589819"

[[bindings]]
doc = "docs/vault/Decision Log.md"
target = "src/scheduler_dojo/kata/ast.py#Attribute"
sig = "3463d750a5069bdc"

[[bindings]]
doc = "docs/vault/Decision Log.md"
target = "src/scheduler_dojo/kata/ast.py#ExprStmt"
sig = "ca6d803894d2e2fd"

[[bindings]]
doc = "docs/vault/Decision Log.md"
target = "src/scheduler_dojo/kata/builtins.py#Env"
sig = "e7cd7588c7bed72c"

[[bindings]]
doc = "docs/vault/Decision Log.md"
target = "src/scheduler_dojo/kata/builtins.py#JobRec"
sig = "6581b6af1395f737"

[[bindings]]
doc = "docs/vault/Decision Log.md"
target = "src/scheduler_dojo/kata/builtins.py#NameVal"
sig = "924c51b13a5a09d7"

[[bindings]]
doc = "docs/vault/Decision Log.md"
target = "src/scheduler_dojo/kata/builtins.py#NodeRec"
sig = "b6c60a5d8d5be45f"

[[bindings]]
doc = "docs/vault/Decision Log.md"
target = "src/scheduler_dojo/kata/builtins.py#SiteRec"
sig = "3833dde4683b980e"

[[bindings]]
doc = "docs/vault/Decision Log.md"
target = "src/scheduler_dojo/kata/builtins.py#TupleRec"
sig = "62ec661a1b5d755a"

[[bindings]]
doc = "docs/vault/Decision Log.md"
target = "src/scheduler_dojo/kata/builtins.py#UserRec"
sig = "6f9277376d1a4961"

[[bindings]]
doc = "docs/vault/Decision Log.md"
target = "src/scheduler_dojo/kata/check.py#check"
sig = "0360d87a499ee13c"

[[bindings]]
doc = "docs/vault/Decision Log.md"
target = "src/scheduler_dojo/kata/errors.py#KataSyntaxError"
sig = "66e94da19d677dc8"

[[bindings]]
doc = "docs/vault/Decision Log.md"
target = "src/scheduler_dojo/kata/formatter.py#format"
sig = "bf5ab518f84cdc0b"

[[bindings]]
doc = "docs/vault/Decision Log.md"
target = "src/scheduler_dojo/kata/interp.py#Interp"
sig = "cb9ad8a9552c7b9a"

[[bindings]]
doc = "docs/vault/Decision Log.md"
target = "src/scheduler_dojo/kata/interp.py#_Return"
sig = "7dc4b68ba6092db4"

[[bindings]]
doc = "docs/vault/Decision Log.md"
target = "src/scheduler_dojo/kata/parser.py#_Parser"
sig = "b3b4ed13394342e0"

[[bindings]]
doc = "docs/vault/Decision Log.md"
target = "src/scheduler_dojo/kata/policy.py#KataPolicy"
sig = "9165f28d1c42be53"

[[bindings]]
doc = "docs/vault/Decision Log.md"
target = "src/scheduler_dojo/sim/cluster.py#Allocation"
sig = "4a4266ab3442e8b8"

[[bindings]]
doc = "docs/vault/Decision Log.md"
target = "src/scheduler_dojo/sim/cluster.py#Cluster"
sig = "5deaf7fb798b9874"

[[bindings]]
doc = "docs/vault/Decision Log.md"
target = "src/scheduler_dojo/sim/cluster.py#Node"
sig = "86ba6717427e5bf1"

[[bindings]]
doc = "docs/vault/Decision Log.md"
target = "src/scheduler_dojo/sim/errors.py#EngineError"
sig = "cb7debb1ab90c758"

[[bindings]]
doc = "docs/vault/Decision Log.md"
target = "src/scheduler_dojo/sim/errors.py#PolicyError"
sig = "3e8f316ded50a097"

[[bindings]]
doc = "docs/vault/Decision Log.md"
target = "src/scheduler_dojo/sim/events.py#EventKind"
sig = "a8a475f08b037504"

[[bindings]]
doc = "docs/vault/Decision Log.md"
target = "src/scheduler_dojo/sim/events.py#EventQueue"
sig = "ab9a7b3f511f299c"

[[bindings]]
doc = "docs/vault/Decision Log.md"
target = "src/scheduler_dojo/sim/jobs.py#Job"
sig = "64aa2e55be19d06c"

[[bindings]]
doc = "docs/vault/Decision Log.md"
target = "src/scheduler_dojo/sim/jobs.py#JobResult"
sig = "9708b56589b17bff"

[[bindings]]
doc = "docs/vault/Decision Log.md"
target = "src/scheduler_dojo/sim/level.py#load_jobs"
sig = "015f3939a2ee1a3e"

[[bindings]]
doc = "docs/vault/Decision Log.md"
target = "src/scheduler_dojo/sim/level.py#run_level"
sig = "eb3fedd1f6263b05"

[[bindings]]
doc = "docs/vault/Decision Log.md"
target = "src/scheduler_dojo/sim/level.py#validate_level"
sig = "8bde596e09df8942"

[[bindings]]
doc = "docs/vault/Decision Log.md"
target = "src/scheduler_dojo/sim/scheduler.py#PolicyContext"
sig = "ea6def626bef7acf"

[[bindings]]
doc = "docs/vault/Decision Log.md"
target = "src/scheduler_dojo/sim/scheduler.py#RunResult"
sig = "71234d3e76362c30"

[[bindings]]
doc = "docs/vault/Decision Log.md"
target = "src/scheduler_dojo/sim/scheduler.py#Scheduler"
sig = "cb732ba0d5926025"

[[bindings]]
doc = "docs/vault/Decision Log.md"
target = "src/scheduler_dojo/sim/scheduler.py#fifo"
sig = "6c88a909d3c715c7"

[[bindings]]
doc = "docs/vault/Decision Log.md"
target = "src/scheduler_dojo/sim/scheduler.py#runtime_used"
sig = "83ec01caaa456da4"

[[bindings]]
doc = "docs/vault/Decision Log.md"
target = "src/scheduler_dojo/sim/scheduler.py#shortest_first"
sig = "d68023ae20a4f89b"

[[bindings]]
doc = "docs/vault/Decision Log.md"
target = "src/scheduler_dojo/sim/scoring.py#bounded_slowdown"
sig = "6201f9a99a624410"

[[bindings]]
doc = "docs/vault/Decision Log.md"
target = "src/scheduler_dojo/sim/scoring.py#fairness"
sig = "e8534d29c115e0c7"

[[bindings]]
doc = "docs/vault/Decision Log.md"
target = "src/scheduler_dojo/sim/scoring.py#wait_p95"
sig = "9297e6349298cf25"

[[bindings]]
doc = "docs/vault/Decision Log.md"
target = "src/scheduler_dojo/sim/trajectory.py#trajectory_hash"
sig = "2728adb840ec72c5"

[[bindings]]
doc = "docs/vault/Decision Log.md"
target = "web/tokens/palette.json"
sig = "95a649247c5afcc5"

[[bindings]]
doc = "docs/vault/Home.md"
target = "scripts/build_wheel.sh"
sig = "d50429d7f2095511"

[[bindings]]
doc = "docs/vault/Home.md"
target = "scripts/node_smoke.mjs"
sig = "8e781e03d7ff75e3"

[[bindings]]
doc = "docs/vault/Home.md"
target = "src/scheduler_dojo/bridge.py#_jobs_json"
sig = "feeefa415b28de81"

[[bindings]]
doc = "docs/vault/Home.md"
target = "src/scheduler_dojo/bridge.py#check_kata"
sig = "32d95ae87548eccb"

[[bindings]]
doc = "docs/vault/Home.md"
target = "src/scheduler_dojo/bridge.py#run"
sig = "8340c65483615c2a"

[[bindings]]
doc = "docs/vault/Home.md"
target = "src/scheduler_dojo/bridge.py#share_encode"
sig = "fdd1925a1b8a917b"

[[bindings]]
doc = "docs/vault/Home.md"
target = "src/scheduler_dojo/bridge.py#share_replay"
sig = "8ebcd406eb2b54eb"

[[bindings]]
doc = "docs/vault/Home.md"
target = "src/scheduler_dojo/kata/policy.py#KataPolicy"
sig = "9165f28d1c42be53"

[[bindings]]
doc = "docs/vault/Home.md"
target = "src/scheduler_dojo/sim/cluster.py#Cluster"
sig = "5deaf7fb798b9874"

[[bindings]]
doc = "docs/vault/Home.md"
target = "src/scheduler_dojo/sim/level.py#validate_level"
sig = "8bde596e09df8942"

[[bindings]]
doc = "docs/vault/Home.md"
target = "src/scheduler_dojo/sim/scheduler.py#PolicyContext"
sig = "ea6def626bef7acf"

[[bindings]]
doc = "docs/vault/Home.md"
target = "src/scheduler_dojo/sim/scheduler.py#Scheduler"
sig = "cb732ba0d5926025"

[[bindings]]
doc = "docs/vault/Home.md"
target = "src/scheduler_dojo/sim/trajectory.py#trajectory_hash"
sig = "2728adb840ec72c5"

[[bindings]]
doc = "docs/vault/Home.md"
target = "web/tokens/palette.json"
sig = "95a649247c5afcc5"

[[bindings]]
doc = "docs/vault/Modules/scheduler_dojo-bridge.md"
target = "scripts/node_smoke.mjs"
sig = "8e781e03d7ff75e3"

[[bindings]]
doc = "docs/vault/Modules/scheduler_dojo-bridge.md"
target = "src/scheduler_dojo/bridge.py"
sig = "6db20ad5f93ef80b"

[[bindings]]
doc = "docs/vault/Modules/scheduler_dojo-bridge.md"
target = "src/scheduler_dojo/bridge.py#_snapshot"
sig = "a5fcd9a8177f14fb"

[[bindings]]
doc = "docs/vault/Modules/scheduler_dojo-bridge.md"
target = "src/scheduler_dojo/bridge.py#_suggestions"
sig = "c7dbb480a27dd253"

[[bindings]]
doc = "docs/vault/Modules/scheduler_dojo-bridge.md"
target = "src/scheduler_dojo/bridge.py#_tick_for"
sig = "a2f1c60f03a0ca5c"

[[bindings]]
doc = "docs/vault/Modules/scheduler_dojo-bridge.md"
target = "src/scheduler_dojo/bridge.py#calendar_at"
sig = "534a9f381bade989"

[[bindings]]
doc = "docs/vault/Modules/scheduler_dojo-bridge.md"
target = "src/scheduler_dojo/bridge.py#check_kata"
sig = "32d95ae87548eccb"

[[bindings]]
doc = "docs/vault/Modules/scheduler_dojo-bridge.md"
target = "src/scheduler_dojo/bridge.py#dispatch"
sig = "06861949a637fb12"

[[bindings]]
doc = "docs/vault/Modules/scheduler_dojo-bridge.md"
target = "src/scheduler_dojo/bridge.py#endless_run"
sig = "5a8ccaccc8fd871c"

[[bindings]]
doc = "docs/vault/Modules/scheduler_dojo-bridge.md"
target = "src/scheduler_dojo/bridge.py#hand_place"
sig = "fadbe1c42d07df62"

[[bindings]]
doc = "docs/vault/Modules/scheduler_dojo-bridge.md"
target = "src/scheduler_dojo/bridge.py#hand_result"
sig = "1e3a815e1592225b"

[[bindings]]
doc = "docs/vault/Modules/scheduler_dojo-bridge.md"
target = "src/scheduler_dojo/bridge.py#hand_start"
sig = "5f5dab47e77b8f73"

[[bindings]]
doc = "docs/vault/Modules/scheduler_dojo-bridge.md"
target = "src/scheduler_dojo/bridge.py#hand_tick"
sig = "183182d2dbac85db"

[[bindings]]
doc = "docs/vault/Modules/scheduler_dojo-bridge.md"
target = "src/scheduler_dojo/bridge.py#offers_list"
sig = "3147641edcd763fb"

[[bindings]]
doc = "docs/vault/Modules/scheduler_dojo-bridge.md"
target = "src/scheduler_dojo/bridge.py#ping"
sig = "a221ff3989406c54"

[[bindings]]
doc = "docs/vault/Modules/scheduler_dojo-bridge.md"
target = "src/scheduler_dojo/bridge.py#progression_view"
sig = "8c03d718ab41256d"

[[bindings]]
doc = "docs/vault/Modules/scheduler_dojo-bridge.md"
target = "src/scheduler_dojo/bridge.py#run"
sig = "8340c65483615c2a"

[[bindings]]
doc = "docs/vault/Modules/scheduler_dojo-bridge.md"
target = "src/scheduler_dojo/bridge.py#share_encode"
sig = "fdd1925a1b8a917b"

[[bindings]]
doc = "docs/vault/Modules/scheduler_dojo-bridge.md"
target = "src/scheduler_dojo/bridge.py#share_replay"
sig = "8ebcd406eb2b54eb"

[[bindings]]
doc = "docs/vault/Modules/scheduler_dojo-bridge.md"
target = "src/scheduler_dojo/bridge.py#start"
sig = "96b4a4af600c4026"

[[bindings]]
doc = "docs/vault/Modules/scheduler_dojo-bridge.md"
target = "src/scheduler_dojo/bridge.py#step_n"
sig = "7b587233371f54ca"

[[bindings]]
doc = "docs/vault/Modules/scheduler_dojo-bridge.md"
target = "src/scheduler_dojo/bridge.py#step_result"
sig = "90a88352ad7151cd"

[[bindings]]
doc = "docs/vault/Modules/scheduler_dojo-bridge.md"
target = "src/scheduler_dojo/bridge.py#step_until"
sig = "c057d52f131c0d35"

[[bindings]]
doc = "docs/vault/Modules/scheduler_dojo-bridge.md"
target = "src/scheduler_dojo/bridge.py#tutorial_load"
sig = "6353064f6f84cf7d"

[[bindings]]
doc = "docs/vault/Modules/scheduler_dojo-bridge.md"
target = "src/scheduler_dojo/bridge.py#tutorial_run"
sig = "1f4d2ecab463b76c"

[[bindings]]
doc = "docs/vault/Modules/scheduler_dojo-bridge.md"
target = "src/scheduler_dojo/bridge.py#version"
sig = "f3a9440217791428"

[[bindings]]
doc = "docs/vault/Modules/scheduler_dojo-bridge.md"
target = "src/scheduler_dojo/kata/check.py#Report"
sig = "db45b4171523b623"

[[bindings]]
doc = "docs/vault/Modules/scheduler_dojo-bridge.md"
target = "src/scheduler_dojo/sim/cluster.py#Cluster"
sig = "5deaf7fb798b9874"

[[bindings]]
doc = "docs/vault/Modules/scheduler_dojo-bridge.md"
target = "src/scheduler_dojo/sim/cluster.py#Partition"
sig = "b8021f035ad189aa"

[[bindings]]
doc = "docs/vault/Modules/scheduler_dojo-bridge.md"
target = "src/scheduler_dojo/sim/jobs.py#Job"
sig = "64aa2e55be19d06c"

[[bindings]]
doc = "docs/vault/Modules/scheduler_dojo-bridge.md"
target = "src/scheduler_dojo/sim/jobs.py#JobResult"
sig = "9708b56589b17bff"

[[bindings]]
doc = "docs/vault/Modules/scheduler_dojo-bridge.md"
target = "src/scheduler_dojo/sim/scheduler.py"
sig = "47304f4face07def"

[[bindings]]
doc = "docs/vault/Modules/scheduler_dojo-bridge.md"
target = "src/scheduler_dojo/sim/scheduler.py#RunResult"
sig = "71234d3e76362c30"

[[bindings]]
doc = "docs/vault/Modules/scheduler_dojo-bridge.md"
target = "src/scheduler_dojo/sim/scheduler.py#Scheduler"
sig = "cb732ba0d5926025"

[[bindings]]
doc = "docs/vault/Modules/scheduler_dojo-bridge.md"
target = "src/scheduler_dojo/sim/scoring.py#score"
sig = "943e0df50943b298"

[[bindings]]
doc = "docs/vault/Modules/scheduler_dojo-bridge.md"
target = "src/scheduler_dojo/sim/trajectory.py#trajectory_hash"
sig = "2728adb840ec72c5"

[[bindings]]
doc = "docs/vault/Modules/scheduler_dojo-bridge.md"
target = "tests/goldens/levels.json"
sig = "eed83d90ab35c971"

[[bindings]]
doc = "docs/vault/Modules/scheduler_dojo-bridge.md"
target = "web/src/worker.ts"
sig = "06defff2b6416ac6"

[[bindings]]
doc = "docs/vault/Modules/scheduler_dojo-cli.md"
target = "pyproject.toml"
sig = "f256758383c9b2af"

[[bindings]]
doc = "docs/vault/Modules/scheduler_dojo-cli.md"
target = "src/scheduler_dojo/bridge.py#run"
sig = "8340c65483615c2a"

[[bindings]]
doc = "docs/vault/Modules/scheduler_dojo-cli.md"
target = "src/scheduler_dojo/cli.py#_cmd_kata"
sig = "78631449644ad29d"

[[bindings]]
doc = "docs/vault/Modules/scheduler_dojo-cli.md"
target = "src/scheduler_dojo/cli.py#_cmd_run"
sig = "4df8eb7daa7b9e4e"

[[bindings]]
doc = "docs/vault/Modules/scheduler_dojo-cli.md"
target = "src/scheduler_dojo/share/card.py#replay_card"
sig = "547c8ce9823556a9"

[[bindings]]
doc = "docs/vault/Modules/scheduler_dojo-cli.md"
target = "src/scheduler_dojo/sim/jobs.py#Job"
sig = "64aa2e55be19d06c"

[[bindings]]
doc = "docs/vault/Modules/scheduler_dojo-cli.md"
target = "src/scheduler_dojo/sim/jobs.py#JobResult"
sig = "9708b56589b17bff"

[[bindings]]
doc = "docs/vault/Modules/scheduler_dojo-cli.md"
target = "src/scheduler_dojo/sim/level.py#run_level"
sig = "eb3fedd1f6263b05"

[[bindings]]
doc = "docs/vault/Modules/scheduler_dojo-cli.md"
target = "src/scheduler_dojo/sim/scheduler.py#RunResult"
sig = "71234d3e76362c30"

[[bindings]]
doc = "docs/vault/Modules/scheduler_dojo-cli.md"
target = "src/scheduler_dojo/sim/scheduler.py#Scheduler"
sig = "536152eeaedd97c7"

[[bindings]]
doc = "docs/vault/Modules/scheduler_dojo-cli.md"
target = "src/scheduler_dojo/sim/scoring.py#metrics_from_run"
sig = "2bb3c958ce860c16"

[[bindings]]
doc = "docs/vault/Modules/scheduler_dojo-cli.md"
target = "src/scheduler_dojo/sim/scoring.py#score"
sig = "943e0df50943b298"

[[bindings]]
doc = "docs/vault/Modules/scheduler_dojo-cli.md"
target = "src/scheduler_dojo/sim/trajectory.py#trajectory_hash"
sig = "2728adb840ec72c5"

[[bindings]]
doc = "docs/vault/Modules/scheduler_dojo-kata-ast.md"
target = "src/scheduler_dojo/kata/ast.py"
sig = "4037875146024e46"

[[bindings]]
doc = "docs/vault/Modules/scheduler_dojo-kata-ast.md"
target = "src/scheduler_dojo/kata/ast.py#Assign"
sig = "1f39044fa0622d64"

[[bindings]]
doc = "docs/vault/Modules/scheduler_dojo-kata-ast.md"
target = "src/scheduler_dojo/kata/ast.py#Attribute"
sig = "3463d750a5069bdc"

[[bindings]]
doc = "docs/vault/Modules/scheduler_dojo-kata-ast.md"
target = "src/scheduler_dojo/kata/ast.py#BinOp"
sig = "9f68b404bc181dfe"

[[bindings]]
doc = "docs/vault/Modules/scheduler_dojo-kata-ast.md"
target = "src/scheduler_dojo/kata/ast.py#Bool"
sig = "5fc931ec1a4dcbd1"

[[bindings]]
doc = "docs/vault/Modules/scheduler_dojo-kata-ast.md"
target = "src/scheduler_dojo/kata/ast.py#BoolOp"
sig = "5394daacb1ff0dfa"

[[bindings]]
doc = "docs/vault/Modules/scheduler_dojo-kata-ast.md"
target = "src/scheduler_dojo/kata/ast.py#Call"
sig = "895baa02613f1a4d"

[[bindings]]
doc = "docs/vault/Modules/scheduler_dojo-kata-ast.md"
target = "src/scheduler_dojo/kata/ast.py#Def"
sig = "6971daed25b6be19"

[[bindings]]
doc = "docs/vault/Modules/scheduler_dojo-kata-ast.md"
target = "src/scheduler_dojo/kata/ast.py#ExprStmt"
sig = "ca6d803894d2e2fd"

[[bindings]]
doc = "docs/vault/Modules/scheduler_dojo-kata-ast.md"
target = "src/scheduler_dojo/kata/ast.py#Float"
sig = "eb933242bea5be14"

[[bindings]]
doc = "docs/vault/Modules/scheduler_dojo-kata-ast.md"
target = "src/scheduler_dojo/kata/ast.py#For"
sig = "296ce44d0448ce41"

[[bindings]]
doc = "docs/vault/Modules/scheduler_dojo-kata-ast.md"
target = "src/scheduler_dojo/kata/ast.py#If"
sig = "bbb77e572ff43152"

[[bindings]]
doc = "docs/vault/Modules/scheduler_dojo-kata-ast.md"
target = "src/scheduler_dojo/kata/ast.py#Int"
sig = "a0fb317dda18c26d"

[[bindings]]
doc = "docs/vault/Modules/scheduler_dojo-kata-ast.md"
target = "src/scheduler_dojo/kata/ast.py#ListLit"
sig = "493a37eeff6ac061"

[[bindings]]
doc = "docs/vault/Modules/scheduler_dojo-kata-ast.md"
target = "src/scheduler_dojo/kata/ast.py#Module"
sig = "054dca4732ad22e3"

[[bindings]]
doc = "docs/vault/Modules/scheduler_dojo-kata-ast.md"
target = "src/scheduler_dojo/kata/ast.py#Name"
sig = "124d929ae9fb32d9"

[[bindings]]
doc = "docs/vault/Modules/scheduler_dojo-kata-ast.md"
target = "src/scheduler_dojo/kata/ast.py#Nil"
sig = "f2efcf559d1f3143"

[[bindings]]
doc = "docs/vault/Modules/scheduler_dojo-kata-ast.md"
target = "src/scheduler_dojo/kata/ast.py#Pass"
sig = "6f8d91aaa26d9539"

[[bindings]]
doc = "docs/vault/Modules/scheduler_dojo-kata-ast.md"
target = "src/scheduler_dojo/kata/ast.py#Program"
sig = "fbb52743ddf386a3"

[[bindings]]
doc = "docs/vault/Modules/scheduler_dojo-kata-ast.md"
target = "src/scheduler_dojo/kata/ast.py#Remember"
sig = "036e448c4cbb7d26"

[[bindings]]
doc = "docs/vault/Modules/scheduler_dojo-kata-ast.md"
target = "src/scheduler_dojo/kata/ast.py#Return"
sig = "62f181d1ea3de68e"

[[bindings]]
doc = "docs/vault/Modules/scheduler_dojo-kata-ast.md"
target = "src/scheduler_dojo/kata/ast.py#SourcePos"
sig = "f75e73689827b99b"

[[bindings]]
doc = "docs/vault/Modules/scheduler_dojo-kata-ast.md"
target = "src/scheduler_dojo/kata/ast.py#Str"
sig = "c1caa862723e9275"

[[bindings]]
doc = "docs/vault/Modules/scheduler_dojo-kata-ast.md"
target = "src/scheduler_dojo/kata/ast.py#Ternary"
sig = "34e52d3a19f957e1"

[[bindings]]
doc = "docs/vault/Modules/scheduler_dojo-kata-ast.md"
target = "src/scheduler_dojo/kata/ast.py#Tuple"
sig = "b92d580b7dc5a869"

[[bindings]]
doc = "docs/vault/Modules/scheduler_dojo-kata-ast.md"
target = "src/scheduler_dojo/kata/ast.py#UnaryOp"
sig = "1af9b5950e357af6"

[[bindings]]
doc = "docs/vault/Modules/scheduler_dojo-kata-ast.md"
target = "src/scheduler_dojo/kata/ast.py#While"
sig = "d8f9481f17177491"

[[bindings]]
doc = "docs/vault/Modules/scheduler_dojo-kata-ast.md"
target = "src/scheduler_dojo/kata/ast.py#_line"
sig = "8bd320404f8bb0d1"

[[bindings]]
doc = "docs/vault/Modules/scheduler_dojo-kata-builtins.md"
target = "src/scheduler_dojo/kata/builtins.py"
sig = "e6b25f373a149c81"

[[bindings]]
doc = "docs/vault/Modules/scheduler_dojo-kata-builtins.md"
target = "src/scheduler_dojo/kata/builtins.py#Env"
sig = "e7cd7588c7bed72c"

[[bindings]]
doc = "docs/vault/Modules/scheduler_dojo-kata-builtins.md"
target = "src/scheduler_dojo/kata/builtins.py#JobRec"
sig = "6581b6af1395f737"

[[bindings]]
doc = "docs/vault/Modules/scheduler_dojo-kata-builtins.md"
target = "src/scheduler_dojo/kata/builtins.py#NodeRec"
sig = "b6c60a5d8d5be45f"

[[bindings]]
doc = "docs/vault/Modules/scheduler_dojo-kata-builtins.md"
target = "src/scheduler_dojo/kata/builtins.py#SiteRec"
sig = "3833dde4683b980e"

[[bindings]]
doc = "docs/vault/Modules/scheduler_dojo-kata-builtins.md"
target = "src/scheduler_dojo/kata/builtins.py#TupleRec"
sig = "62ec661a1b5d755a"

[[bindings]]
doc = "docs/vault/Modules/scheduler_dojo-kata-builtins.md"
target = "src/scheduler_dojo/kata/builtins.py#UserRec"
sig = "6f9277376d1a4961"

[[bindings]]
doc = "docs/vault/Modules/scheduler_dojo-kata-builtins.md"
target = "src/scheduler_dojo/kata/builtins.py#_plain"
sig = "d119614b3a4c0ba3"

[[bindings]]
doc = "docs/vault/Modules/scheduler_dojo-kata-builtins.md"
target = "src/scheduler_dojo/kata/builtins.py#sortable"
sig = "4e63514ba5561b76"

[[bindings]]
doc = "docs/vault/Modules/scheduler_dojo-kata-builtins.md"
target = "src/scheduler_dojo/kata/builtins.py#truth"
sig = "fec55205e20801c7"

[[bindings]]
doc = "docs/vault/Modules/scheduler_dojo-kata-builtins.md"
target = "src/scheduler_dojo/kata/check.py#Report"
sig = "db45b4171523b623"

[[bindings]]
doc = "docs/vault/Modules/scheduler_dojo-kata-builtins.md"
target = "src/scheduler_dojo/sim/cluster.py#Cluster"
sig = "5deaf7fb798b9874"

[[bindings]]
doc = "docs/vault/Modules/scheduler_dojo-kata-builtins.md"
target = "src/scheduler_dojo/sim/cluster.py#Partition"
sig = "b8021f035ad189aa"

[[bindings]]
doc = "docs/vault/Modules/scheduler_dojo-kata-builtins.md"
target = "src/scheduler_dojo/sim/jobs.py#Job"
sig = "64aa2e55be19d06c"

[[bindings]]
doc = "docs/vault/Modules/scheduler_dojo-kata-builtins.md"
target = "src/scheduler_dojo/sim/jobs.py#JobResult"
sig = "9708b56589b17bff"

[[bindings]]
doc = "docs/vault/Modules/scheduler_dojo-kata-builtins.md"
target = "src/scheduler_dojo/sim/scheduler.py#PolicyContext"
sig = "ea6def626bef7acf"

[[bindings]]
doc = "docs/vault/Modules/scheduler_dojo-kata-builtins.md"
target = "src/scheduler_dojo/sim/scheduler.py#RunResult"
sig = "71234d3e76362c30"

[[bindings]]
doc = "docs/vault/Modules/scheduler_dojo-kata-builtins.md"
target = "src/scheduler_dojo/sim/scheduler.py#Scheduler"
sig = "cb732ba0d5926025"

[[bindings]]
doc = "docs/vault/Modules/scheduler_dojo-kata-check.md"
target = "src/scheduler_dojo/kata/check.py#Report"
sig = "db45b4171523b623"

[[bindings]]
doc = "docs/vault/Modules/scheduler_dojo-kata-check.md"
target = "src/scheduler_dojo/kata/check.py#_static_errors"
sig = "72dc1f79163e5b90"

[[bindings]]
doc = "docs/vault/Modules/scheduler_dojo-kata-check.md"
target = "src/scheduler_dojo/kata/check.py#canonical_equal"
sig = "5836713968824362"

[[bindings]]
doc = "docs/vault/Modules/scheduler_dojo-kata-check.md"
target = "src/scheduler_dojo/kata/check.py#check"
sig = "0360d87a499ee13c"

[[bindings]]
doc = "docs/vault/Modules/scheduler_dojo-kata-check.md"
target = "src/scheduler_dojo/kata/check.py#format_report"
sig = "9ddcb748f1291b64"

[[bindings]]
doc = "docs/vault/Modules/scheduler_dojo-kata-check.md"
target = "src/scheduler_dojo/kata/errors.py#KataSyntaxError"
sig = "66e94da19d677dc8"

[[bindings]]
doc = "docs/vault/Modules/scheduler_dojo-kata-check.md"
target = "src/scheduler_dojo/kata/formatter.py#format"
sig = "bf5ab518f84cdc0b"

[[bindings]]
doc = "docs/vault/Modules/scheduler_dojo-kata-errors.md"
target = "src/scheduler_dojo/kata/check.py#Report"
sig = "db45b4171523b623"

[[bindings]]
doc = "docs/vault/Modules/scheduler_dojo-kata-errors.md"
target = "src/scheduler_dojo/kata/errors.py#KataSyntaxError"
sig = "66e94da19d677dc8"

[[bindings]]
doc = "docs/vault/Modules/scheduler_dojo-kata-errors.md"
target = "src/scheduler_dojo/sim/errors.py#EngineError"
sig = "cb7debb1ab90c758"

[[bindings]]
doc = "docs/vault/Modules/scheduler_dojo-kata-errors.md"
target = "src/scheduler_dojo/sim/errors.py#PolicyError"
sig = "3e8f316ded50a097"

[[bindings]]
doc = "docs/vault/Modules/scheduler_dojo-kata-errors.md"
target = "src/scheduler_dojo/sim/errors.py#StepBudgetError"
sig = "8910c73df162f71f"

[[bindings]]
doc = "docs/vault/Modules/scheduler_dojo-kata-formatter.md"
target = "src/scheduler_dojo/kata/ast.py#Program"
sig = "fbb52743ddf386a3"

[[bindings]]
doc = "docs/vault/Modules/scheduler_dojo-kata-formatter.md"
target = "src/scheduler_dojo/kata/check.py#check"
sig = "0360d87a499ee13c"

[[bindings]]
doc = "docs/vault/Modules/scheduler_dojo-kata-formatter.md"
target = "src/scheduler_dojo/kata/errors.py#KataSyntaxError"
sig = "66e94da19d677dc8"

[[bindings]]
doc = "docs/vault/Modules/scheduler_dojo-kata-formatter.md"
target = "src/scheduler_dojo/kata/formatter.py#format"
sig = "bf5ab518f84cdc0b"

[[bindings]]
doc = "docs/vault/Modules/scheduler_dojo-kata-formatter.md"
target = "src/scheduler_dojo/kata/parser.py#parse"
sig = "8cdd58b363d51335"

[[bindings]]
doc = "docs/vault/Modules/scheduler_dojo-kata-interp.md"
target = "src/scheduler_dojo/kata/builtins.py#Env"
sig = "e7cd7588c7bed72c"

[[bindings]]
doc = "docs/vault/Modules/scheduler_dojo-kata-interp.md"
target = "src/scheduler_dojo/kata/check.py#Report"
sig = "db45b4171523b623"

[[bindings]]
doc = "docs/vault/Modules/scheduler_dojo-kata-interp.md"
target = "src/scheduler_dojo/kata/interp.py"
sig = "2de5a053f6b8a2c2"

[[bindings]]
doc = "docs/vault/Modules/scheduler_dojo-kata-interp.md"
target = "src/scheduler_dojo/kata/interp.py#Interp"
sig = "cb9ad8a9552c7b9a"

[[bindings]]
doc = "docs/vault/Modules/scheduler_dojo-kata-interp.md"
target = "src/scheduler_dojo/kata/interp.py#run_module"
sig = "d8f13a1d0bc41fcb"

[[bindings]]
doc = "docs/vault/Modules/scheduler_dojo-kata-interp.md"
target = "src/scheduler_dojo/sim/errors.py#EngineError"
sig = "cb7debb1ab90c758"

[[bindings]]
doc = "docs/vault/Modules/scheduler_dojo-kata-interp.md"
target = "src/scheduler_dojo/sim/errors.py#StepBudgetError"
sig = "8910c73df162f71f"

[[bindings]]
doc = "docs/vault/Modules/scheduler_dojo-kata-lexer.md"
target = "src/scheduler_dojo/kata/errors.py#KataSyntaxError"
sig = "66e94da19d677dc8"

[[bindings]]
doc = "docs/vault/Modules/scheduler_dojo-kata-lexer.md"
target = "src/scheduler_dojo/kata/formatter.py"
sig = "60b47100e96ffa27"

[[bindings]]
doc = "docs/vault/Modules/scheduler_dojo-kata-lexer.md"
target = "src/scheduler_dojo/kata/lexer.py"
sig = "297da91ac725031d"

[[bindings]]
doc = "docs/vault/Modules/scheduler_dojo-kata-lexer.md"
target = "src/scheduler_dojo/kata/lexer.py#Token"
sig = "31684be28653beca"

[[bindings]]
doc = "docs/vault/Modules/scheduler_dojo-kata-parser.md"
target = "src/scheduler_dojo/kata/ast.py#BinOp"
sig = "9f68b404bc181dfe"

[[bindings]]
doc = "docs/vault/Modules/scheduler_dojo-kata-parser.md"
target = "src/scheduler_dojo/kata/ast.py#Program"
sig = "fbb52743ddf386a3"

[[bindings]]
doc = "docs/vault/Modules/scheduler_dojo-kata-parser.md"
target = "src/scheduler_dojo/kata/builtins.py#Env"
sig = "e7cd7588c7bed72c"

[[bindings]]
doc = "docs/vault/Modules/scheduler_dojo-kata-parser.md"
target = "src/scheduler_dojo/kata/parser.py#parse_program"
sig = "bfbfa8f97d89e882"

[[bindings]]
doc = "docs/vault/Modules/scheduler_dojo-kata-policy.md"
target = "src/scheduler_dojo/kata/builtins.py#Env"
sig = "e7cd7588c7bed72c"

[[bindings]]
doc = "docs/vault/Modules/scheduler_dojo-kata-policy.md"
target = "src/scheduler_dojo/kata/policy.py#KataPolicy"
sig = "9165f28d1c42be53"

[[bindings]]
doc = "docs/vault/Modules/scheduler_dojo-kata-policy.md"
target = "src/scheduler_dojo/sim/errors.py#EngineError"
sig = "cb7debb1ab90c758"

[[bindings]]
doc = "docs/vault/Modules/scheduler_dojo-kata-policy.md"
target = "src/scheduler_dojo/sim/errors.py#StepBudgetError"
sig = "8910c73df162f71f"

[[bindings]]
doc = "docs/vault/Modules/scheduler_dojo-kata-policy.md"
target = "src/scheduler_dojo/sim/scheduler.py"
sig = "47304f4face07def"

[[bindings]]
doc = "docs/vault/Modules/scheduler_dojo-kata-policy.md"
target = "src/scheduler_dojo/sim/scheduler.py#PolicyContext"
sig = "ea6def626bef7acf"

[[bindings]]
doc = "docs/vault/Modules/scheduler_dojo-kata-policy.md"
target = "src/scheduler_dojo/sim/scheduler.py#Scheduler"
sig = "cb732ba0d5926025"

[[bindings]]
doc = "docs/vault/Modules/scheduler_dojo-kata-policy.md"
target = "src/scheduler_dojo/sim/scheduler.py#fifo"
sig = "6c88a909d3c715c7"

[[bindings]]
doc = "docs/vault/Modules/scheduler_dojo-progression.md"
target = "src/scheduler_dojo/progression.py"
sig = "1c1541f71da1dbe7"

[[bindings]]
doc = "docs/vault/Modules/scheduler_dojo-progression.md"
target = "src/scheduler_dojo/progression.py#_migrate"
sig = "2905919d3b8f2637"

[[bindings]]
doc = "docs/vault/Modules/scheduler_dojo-progression.md"
target = "src/scheduler_dojo/progression.py#apply_completion"
sig = "3a0e2c4d05f3ee2d"

[[bindings]]
doc = "docs/vault/Modules/scheduler_dojo-progression.md"
target = "src/scheduler_dojo/progression.py#apply_drift"
sig = "632c66bbebf82161"

[[bindings]]
doc = "docs/vault/Modules/scheduler_dojo-progression.md"
target = "src/scheduler_dojo/progression.py#belt"
sig = "5fe29fb4e3deccdc"

[[bindings]]
doc = "docs/vault/Modules/scheduler_dojo-progression.md"
target = "src/scheduler_dojo/progression.py#buy"
sig = "09a11b272073d2a5"

[[bindings]]
doc = "docs/vault/Modules/scheduler_dojo-progression.md"
target = "src/scheduler_dojo/progression.py#can_buy"
sig = "05606ebde089bdb7"

[[bindings]]
doc = "docs/vault/Modules/scheduler_dojo-progression.md"
target = "src/scheduler_dojo/progression.py#new_state"
sig = "ada180d1b8daeb6d"

[[bindings]]
doc = "docs/vault/Modules/scheduler_dojo-progression.md"
target = "src/scheduler_dojo/progression.py#next_belt"
sig = "0e87fbee7537433c"

[[bindings]]
doc = "docs/vault/Modules/scheduler_dojo-progression.md"
target = "src/scheduler_dojo/progression.py#unlocked_tiers"
sig = "23677cc7591cff26"

[[bindings]]
doc = "docs/vault/Modules/scheduler_dojo-share-card.md"
target = "src/scheduler_dojo/share/card.py"
sig = "c99c46ed1ba252ea"

[[bindings]]
doc = "docs/vault/Modules/scheduler_dojo-share-card.md"
target = "src/scheduler_dojo/share/card.py#decode_card"
sig = "26df57c57f9343bc"

[[bindings]]
doc = "docs/vault/Modules/scheduler_dojo-share-card.md"
target = "src/scheduler_dojo/share/card.py#encode_card"
sig = "cb4f710672e5947d"

[[bindings]]
doc = "docs/vault/Modules/scheduler_dojo-share-card.md"
target = "src/scheduler_dojo/share/card.py#replay_card"
sig = "547c8ce9823556a9"

[[bindings]]
doc = "docs/vault/Modules/scheduler_dojo-share-card.md"
target = "src/scheduler_dojo/sim/trajectory.py#trajectory_hash"
sig = "2728adb840ec72c5"

[[bindings]]
doc = "docs/vault/Modules/scheduler_dojo-sim-cluster.md"
target = "src/scheduler_dojo/sim/cluster.py#Allocation"
sig = "4a4266ab3442e8b8"

[[bindings]]
doc = "docs/vault/Modules/scheduler_dojo-sim-cluster.md"
target = "src/scheduler_dojo/sim/cluster.py#Cluster"
sig = "5deaf7fb798b9874"

[[bindings]]
doc = "docs/vault/Modules/scheduler_dojo-sim-cluster.md"
target = "src/scheduler_dojo/sim/cluster.py#Node"
sig = "86ba6717427e5bf1"

[[bindings]]
doc = "docs/vault/Modules/scheduler_dojo-sim-cluster.md"
target = "src/scheduler_dojo/sim/cluster.py#Partition"
sig = "b8021f035ad189aa"

[[bindings]]
doc = "docs/vault/Modules/scheduler_dojo-sim-cluster.md"
target = "src/scheduler_dojo/sim/cluster.py#Site"
sig = "f6cb4611836ac711"

[[bindings]]
doc = "docs/vault/Modules/scheduler_dojo-sim-cluster.md"
target = "src/scheduler_dojo/sim/scheduler.py#PolicyContext"
sig = "ea6def626bef7acf"

[[bindings]]
doc = "docs/vault/Modules/scheduler_dojo-sim-errors.md"
target = "src/scheduler_dojo/sim/errors.py"
sig = "1cbfb6157db95604"

[[bindings]]
doc = "docs/vault/Modules/scheduler_dojo-sim-errors.md"
target = "src/scheduler_dojo/sim/errors.py#DeterminismError"
sig = "678ace599bfcfad0"

[[bindings]]
doc = "docs/vault/Modules/scheduler_dojo-sim-errors.md"
target = "src/scheduler_dojo/sim/errors.py#EngineError"
sig = "cb7debb1ab90c758"

[[bindings]]
doc = "docs/vault/Modules/scheduler_dojo-sim-errors.md"
target = "src/scheduler_dojo/sim/errors.py#LevelError"
sig = "e622a774218f3d3d"

[[bindings]]
doc = "docs/vault/Modules/scheduler_dojo-sim-errors.md"
target = "src/scheduler_dojo/sim/errors.py#PolicyError"
sig = "3e8f316ded50a097"

[[bindings]]
doc = "docs/vault/Modules/scheduler_dojo-sim-errors.md"
target = "src/scheduler_dojo/sim/errors.py#StepBudgetError"
sig = "8910c73df162f71f"

[[bindings]]
doc = "docs/vault/Modules/scheduler_dojo-sim-errors.md"
target = "src/scheduler_dojo/sim/scheduler.py#PolicyContext"
sig = "ea6def626bef7acf"

[[bindings]]
doc = "docs/vault/Modules/scheduler_dojo-sim-errors.md"
target = "src/scheduler_dojo/sim/scheduler.py#Scheduler"
sig = "cb732ba0d5926025"

[[bindings]]
doc = "docs/vault/Modules/scheduler_dojo-sim-events.md"
target = "src/scheduler_dojo/sim/events.py#Event"
sig = "2a0fb6eee5ab4433"

[[bindings]]
doc = "docs/vault/Modules/scheduler_dojo-sim-events.md"
target = "src/scheduler_dojo/sim/events.py#EventKind"
sig = "a8a475f08b037504"

[[bindings]]
doc = "docs/vault/Modules/scheduler_dojo-sim-events.md"
target = "src/scheduler_dojo/sim/events.py#EventQueue"
sig = "ab9a7b3f511f299c"

[[bindings]]
doc = "docs/vault/Modules/scheduler_dojo-sim-jobs.md"
target = "src/scheduler_dojo/sim/jobs.py#Job"
sig = "64aa2e55be19d06c"

[[bindings]]
doc = "docs/vault/Modules/scheduler_dojo-sim-jobs.md"
target = "src/scheduler_dojo/sim/jobs.py#JobResult"
sig = "9708b56589b17bff"

[[bindings]]
doc = "docs/vault/Modules/scheduler_dojo-sim-jobs.md"
target = "src/scheduler_dojo/sim/jobs.py#JobState"
sig = "0d79e9a7a24c003d"

[[bindings]]
doc = "docs/vault/Modules/scheduler_dojo-sim-jobs.md"
target = "src/scheduler_dojo/sim/scheduler.py#Scheduler"
sig = "cb732ba0d5926025"

[[bindings]]
doc = "docs/vault/Modules/scheduler_dojo-sim-jobs.md"
target = "src/scheduler_dojo/sim/scheduler.py#runtime_used"
sig = "83ec01caaa456da4"

[[bindings]]
doc = "docs/vault/Modules/scheduler_dojo-sim-jobs.md"
target = "src/scheduler_dojo/sim/trajectory.py#trajectory_str"
sig = "9a749a2d3866892a"

[[bindings]]
doc = "docs/vault/Modules/scheduler_dojo-sim-level.md"
target = "src/scheduler_dojo/kata/policy.py#KataPolicy"
sig = "9165f28d1c42be53"

[[bindings]]
doc = "docs/vault/Modules/scheduler_dojo-sim-level.md"
target = "src/scheduler_dojo/sim/cluster.py#Cluster"
sig = "5deaf7fb798b9874"

[[bindings]]
doc = "docs/vault/Modules/scheduler_dojo-sim-level.md"
target = "src/scheduler_dojo/sim/cluster.py#Partition"
sig = "b8021f035ad189aa"

[[bindings]]
doc = "docs/vault/Modules/scheduler_dojo-sim-level.md"
target = "src/scheduler_dojo/sim/errors.py#LevelError"
sig = "e622a774218f3d3d"

[[bindings]]
doc = "docs/vault/Modules/scheduler_dojo-sim-level.md"
target = "src/scheduler_dojo/sim/jobs.py#Job"
sig = "64aa2e55be19d06c"

[[bindings]]
doc = "docs/vault/Modules/scheduler_dojo-sim-level.md"
target = "src/scheduler_dojo/sim/jobs.py#JobResult"
sig = "9708b56589b17bff"

[[bindings]]
doc = "docs/vault/Modules/scheduler_dojo-sim-level.md"
target = "src/scheduler_dojo/sim/level.py"
sig = "af0763a2c7190cab"

[[bindings]]
doc = "docs/vault/Modules/scheduler_dojo-sim-level.md"
target = "src/scheduler_dojo/sim/level.py#_kata_source"
sig = "8466f7d4885c14de"

[[bindings]]
doc = "docs/vault/Modules/scheduler_dojo-sim-level.md"
target = "src/scheduler_dojo/sim/level.py#build_cluster"
sig = "61bcb321297731bb"

[[bindings]]
doc = "docs/vault/Modules/scheduler_dojo-sim-level.md"
target = "src/scheduler_dojo/sim/level.py#jobs_from_level"
sig = "71d0b5b98bfc578e"

[[bindings]]
doc = "docs/vault/Modules/scheduler_dojo-sim-level.md"
target = "src/scheduler_dojo/sim/level.py#load_jobs"
sig = "015f3939a2ee1a3e"

[[bindings]]
doc = "docs/vault/Modules/scheduler_dojo-sim-level.md"
target = "src/scheduler_dojo/sim/level.py#load_level_file"
sig = "c7eeb5345d22fe60"

[[bindings]]
doc = "docs/vault/Modules/scheduler_dojo-sim-level.md"
target = "src/scheduler_dojo/sim/level.py#run_level"
sig = "eb3fedd1f6263b05"

[[bindings]]
doc = "docs/vault/Modules/scheduler_dojo-sim-level.md"
target = "src/scheduler_dojo/sim/level.py#validate_level"
sig = "8bde596e09df8942"

[[bindings]]
doc = "docs/vault/Modules/scheduler_dojo-sim-level.md"
target = "src/scheduler_dojo/sim/scheduler.py#RunResult"
sig = "71234d3e76362c30"

[[bindings]]
doc = "docs/vault/Modules/scheduler_dojo-sim-level.md"
target = "src/scheduler_dojo/sim/scheduler.py#Scheduler"
sig = "cb732ba0d5926025"

[[bindings]]
doc = "docs/vault/Modules/scheduler_dojo-sim-scheduler.md"
target = "src/scheduler_dojo/bridge.py#_tick_for"
sig = "a2f1c60f03a0ca5c"

[[bindings]]
doc = "docs/vault/Modules/scheduler_dojo-sim-scheduler.md"
target = "src/scheduler_dojo/bridge.py#run"
sig = "8340c65483615c2a"

[[bindings]]
doc = "docs/vault/Modules/scheduler_dojo-sim-scheduler.md"
target = "src/scheduler_dojo/kata/check.py#Report"
sig = "db45b4171523b623"

[[bindings]]
doc = "docs/vault/Modules/scheduler_dojo-sim-scheduler.md"
target = "src/scheduler_dojo/sim/cluster.py#Cluster"
sig = "5deaf7fb798b9874"

[[bindings]]
doc = "docs/vault/Modules/scheduler_dojo-sim-scheduler.md"
target = "src/scheduler_dojo/sim/cluster.py#Node"
sig = "86ba6717427e5bf1"

[[bindings]]
doc = "docs/vault/Modules/scheduler_dojo-sim-scheduler.md"
target = "src/scheduler_dojo/sim/errors.py"
sig = "1cbfb6157db95604"

[[bindings]]
doc = "docs/vault/Modules/scheduler_dojo-sim-scheduler.md"
target = "src/scheduler_dojo/sim/errors.py#DeterminismError"
sig = "678ace599bfcfad0"

[[bindings]]
doc = "docs/vault/Modules/scheduler_dojo-sim-scheduler.md"
target = "src/scheduler_dojo/sim/errors.py#PolicyError"
sig = "3e8f316ded50a097"

[[bindings]]
doc = "docs/vault/Modules/scheduler_dojo-sim-scheduler.md"
target = "src/scheduler_dojo/sim/errors.py#StepBudgetError"
sig = "8910c73df162f71f"

[[bindings]]
doc = "docs/vault/Modules/scheduler_dojo-sim-scheduler.md"
target = "src/scheduler_dojo/sim/events.py#EventQueue"
sig = "ab9a7b3f511f299c"

[[bindings]]
doc = "docs/vault/Modules/scheduler_dojo-sim-scheduler.md"
target = "src/scheduler_dojo/sim/jobs.py#Job"
sig = "64aa2e55be19d06c"

[[bindings]]
doc = "docs/vault/Modules/scheduler_dojo-sim-scheduler.md"
target = "src/scheduler_dojo/sim/jobs.py#JobResult"
sig = "9708b56589b17bff"

[[bindings]]
doc = "docs/vault/Modules/scheduler_dojo-sim-scheduler.md"
target = "src/scheduler_dojo/sim/scheduler.py"
sig = "47304f4face07def"

[[bindings]]
doc = "docs/vault/Modules/scheduler_dojo-sim-scheduler.md"
target = "src/scheduler_dojo/sim/scheduler.py#PolicyContext"
sig = "ea6def626bef7acf"

[[bindings]]
doc = "docs/vault/Modules/scheduler_dojo-sim-scheduler.md"
target = "src/scheduler_dojo/sim/scheduler.py#RunResult"
sig = "71234d3e76362c30"

[[bindings]]
doc = "docs/vault/Modules/scheduler_dojo-sim-scheduler.md"
target = "src/scheduler_dojo/sim/scheduler.py#Scheduler"
sig = "cb732ba0d5926025"

[[bindings]]
doc = "docs/vault/Modules/scheduler_dojo-sim-scheduler.md"
target = "src/scheduler_dojo/sim/scheduler.py#fifo"
sig = "6c88a909d3c715c7"

[[bindings]]
doc = "docs/vault/Modules/scheduler_dojo-sim-scheduler.md"
target = "src/scheduler_dojo/sim/scheduler.py#idle"
sig = "09803081a6a44250"

[[bindings]]
doc = "docs/vault/Modules/scheduler_dojo-sim-scheduler.md"
target = "src/scheduler_dojo/sim/scheduler.py#shortest_first"
sig = "d68023ae20a4f89b"

[[bindings]]
doc = "docs/vault/Modules/scheduler_dojo-sim-scoring.md"
target = "src/scheduler_dojo/sim/cluster.py#Cluster"
sig = "5deaf7fb798b9874"

[[bindings]]
doc = "docs/vault/Modules/scheduler_dojo-sim-scoring.md"
target = "src/scheduler_dojo/sim/cluster.py#Partition"
sig = "b8021f035ad189aa"

[[bindings]]
doc = "docs/vault/Modules/scheduler_dojo-sim-scoring.md"
target = "src/scheduler_dojo/sim/jobs.py#Job"
sig = "64aa2e55be19d06c"

[[bindings]]
doc = "docs/vault/Modules/scheduler_dojo-sim-scoring.md"
target = "src/scheduler_dojo/sim/jobs.py#JobResult"
sig = "9708b56589b17bff"

[[bindings]]
doc = "docs/vault/Modules/scheduler_dojo-sim-scoring.md"
target = "src/scheduler_dojo/sim/scheduler.py#RunResult"
sig = "71234d3e76362c30"

[[bindings]]
doc = "docs/vault/Modules/scheduler_dojo-sim-scoring.md"
target = "src/scheduler_dojo/sim/scoring.py#bounded_slowdown"
sig = "6201f9a99a624410"

[[bindings]]
doc = "docs/vault/Modules/scheduler_dojo-sim-scoring.md"
target = "src/scheduler_dojo/sim/scoring.py#fairness"
sig = "e8534d29c115e0c7"

[[bindings]]
doc = "docs/vault/Modules/scheduler_dojo-sim-scoring.md"
target = "src/scheduler_dojo/sim/scoring.py#metrics_from_run"
sig = "2bb3c958ce860c16"

[[bindings]]
doc = "docs/vault/Modules/scheduler_dojo-sim-scoring.md"
target = "src/scheduler_dojo/sim/scoring.py#normalize"
sig = "38d79a88ac49de2a"

[[bindings]]
doc = "docs/vault/Modules/scheduler_dojo-sim-scoring.md"
target = "src/scheduler_dojo/sim/scoring.py#score"
sig = "943e0df50943b298"

[[bindings]]
doc = "docs/vault/Modules/scheduler_dojo-sim-scoring.md"
target = "src/scheduler_dojo/sim/scoring.py#utilization"
sig = "40515ebe2ebf52df"

[[bindings]]
doc = "docs/vault/Modules/scheduler_dojo-sim-scoring.md"
target = "src/scheduler_dojo/sim/scoring.py#wait_p95"
sig = "9297e6349298cf25"

[[bindings]]
doc = "docs/vault/Modules/scheduler_dojo-sim-trace.md"
target = "src/scheduler_dojo/sim/cluster.py#Cluster"
sig = "5deaf7fb798b9874"

[[bindings]]
doc = "docs/vault/Modules/scheduler_dojo-sim-trace.md"
target = "src/scheduler_dojo/sim/cluster.py#Partition"
sig = "b8021f035ad189aa"

[[bindings]]
doc = "docs/vault/Modules/scheduler_dojo-sim-trace.md"
target = "src/scheduler_dojo/sim/jobs.py#Job"
sig = "64aa2e55be19d06c"

[[bindings]]
doc = "docs/vault/Modules/scheduler_dojo-sim-trace.md"
target = "src/scheduler_dojo/sim/jobs.py#JobResult"
sig = "9708b56589b17bff"

[[bindings]]
doc = "docs/vault/Modules/scheduler_dojo-sim-trace.md"
target = "src/scheduler_dojo/sim/scheduler.py#RunResult"
sig = "71234d3e76362c30"

[[bindings]]
doc = "docs/vault/Modules/scheduler_dojo-sim-trace.md"
target = "src/scheduler_dojo/sim/trace.py"
sig = "4e386d9254ab7a88"

[[bindings]]
doc = "docs/vault/Modules/scheduler_dojo-sim-trace.md"
target = "src/scheduler_dojo/sim/trace.py#_finite"
sig = "afc587c812126aca"

[[bindings]]
doc = "docs/vault/Modules/scheduler_dojo-sim-trace.md"
target = "src/scheduler_dojo/sim/trace.py#_ratio"
sig = "a3eec4dabf91ed55"

[[bindings]]
doc = "docs/vault/Modules/scheduler_dojo-sim-trace.md"
target = "src/scheduler_dojo/sim/trace.py#_walltime"
sig = "f5bd38089d52a647"

[[bindings]]
doc = "docs/vault/Modules/scheduler_dojo-sim-trace.md"
target = "src/scheduler_dojo/sim/trace.py#import_sacct_csv"
sig = "49640b1f3d129068"

[[bindings]]
doc = "docs/vault/Modules/scheduler_dojo-sim-trace.md"
target = "src/scheduler_dojo/sim/trace.py#level_from_jobs"
sig = "101346947ac89e89"

[[bindings]]
doc = "docs/vault/Modules/scheduler_dojo-sim-trace.md"
target = "src/scheduler_dojo/sim/trace.py#poisson_jobs"
sig = "da4d7b9e83ae9040"

[[bindings]]
doc = "docs/vault/Modules/scheduler_dojo-sim-trajectory.md"
target = "src/scheduler_dojo/sim/scheduler.py#RunResult"
sig = "71234d3e76362c30"

[[bindings]]
doc = "docs/vault/Modules/scheduler_dojo-sim-trajectory.md"
target = "src/scheduler_dojo/sim/trajectory.py#trajectory_hash"
sig = "2728adb840ec72c5"

[[bindings]]
doc = "docs/vault/Modules/scheduler_dojo-sim-trajectory.md"
target = "src/scheduler_dojo/sim/trajectory.py#trajectory_str"
sig = "9a749a2d3866892a"
